PODS:
  - Amplify (1.30.4):
    - Amplify/Default (= 1.30.4)
  - Amplify/Default (1.30.4)
  - amplify_analytics_pinpoint_ios (0.0.1):
    - Amplify (= 1.30.4)
    - amplify_core
    - AmplifyPlugins/AWSPinpointAnalyticsPlugin (= 1.30.4)
    - Flutter
  - amplify_auth_cognito_ios (0.0.1):
    - Amplify (= 1.30.4)
    - amplify_core
    - AmplifyPlugins/AWSCognitoAuthPlugin (= 1.30.4)
    - Flutter
    - ObjectMapper
  - amplify_core (0.0.1):
    - Flutter
    - SwiftFormat/CLI
    - SwiftLint (= 0.48.0)
  - amplify_flutter_ios (0.0.1):
    - Amplify (= 1.30.4)
    - amplify_core
    - AmplifyPlugins/AWSCognitoAuthPlugin (= 1.30.4)
    - AWSPluginsCore (= 1.30.4)
    - Flutter
    - SwiftFormat/CLI
    - SwiftLint (= 0.48.0)
  - AmplifyPlugins/AWSCognitoAuthPlugin (1.30.4):
    - AWSAuthCore (~> 2.33.0)
    - AWSCognitoIdentityProvider (~> 2.33.0)
    - AWSCognitoIdentityProviderASF (~> 2.33.0)
    - AWSCore (~> 2.33.0)
    - AWSMobileClient (~> 2.33.0)
    - AWSPluginsCore (= 1.30.4)
  - AmplifyPlugins/AWSPinpointAnalyticsPlugin (1.30.4):
    - AWSCore (~> 2.33.0)
    - AWSPinpoint (~> 2.33.0)
    - AWSPluginsCore (= 1.30.4)
  - AWSAuthCore (2.33.10):
    - AWSCore (= 2.33.10)
  - AWSCognitoIdentityProvider (2.33.10):
    - AWSCognitoIdentityProviderASF (= 2.33.10)
    - AWSCore (= 2.33.10)
  - AWSCognitoIdentityProviderASF (2.33.10):
    - AWSCore (= 2.33.10)
  - AWSCore (2.33.10)
  - AWSMobileClient (2.33.10):
    - AWSAuthCore (= 2.33.10)
    - AWSCognitoIdentityProvider (= 2.33.10)
    - AWSCognitoIdentityProviderASF (= 2.33.10)
    - AWSCore (= 2.33.10)
  - AWSPinpoint (2.33.10):
    - AWSCore (= 2.33.10)
  - AWSPluginsCore (1.30.4):
    - Amplify (= 1.30.4)
    - AWSCore (~> 2.33.0)
  - camera (0.0.1):
    - Flutter
  - Flutter (1.0.0)
  - flutter_file_dialog (0.0.1):
    - Flutter
  - flutter_inappwebview (0.0.1):
    - Flutter
    - flutter_inappwebview/Core (= 0.0.1)
    - OrderedSet (~> 5.0)
  - flutter_inappwebview/Core (0.0.1):
    - Flutter
    - OrderedSet (~> 5.0)
  - flutter_naver_map (1.0.0):
    - Flutter
    - NMapsMap (= 3.17.0)
  - fluttertoast (0.0.2):
    - Flutter
    - Toast
  - geocoding_ios (1.0.5):
    - Flutter
  - geolocator_apple (1.2.0):
    - Flutter
  - image_picker_ios (0.0.1):
    - Flutter
  - kakao_flutter_sdk_common (1.9.1-2):
    - Flutter
  - kakao_map_plugin (0.0.1):
    - Flutter
  - MTBBarcodeScanner (5.0.11)
  - NMapsGeometry (1.0.2)
  - NMapsMap (3.17.0):
    - NMapsGeometry
  - ObjectMapper (4.4.2)
  - OrderedSet (5.0.0)
  - package_info_plus (0.4.5):
    - Flutter
  - path_provider_foundation (0.0.1):
    - Flutter
    - FlutterMacOS
  - "permission_handler (5.1.0+2)":
    - Flutter
  - qr_code_scanner (0.2.0):
    - Flutter
    - MTBBarcodeScanner
  - shared_preferences_foundation (0.0.1):
    - Flutter
    - FlutterMacOS
  - SwiftFormat/CLI (0.53.10)
  - SwiftLint (0.48.0)
  - Toast (4.1.1)
  - webview_flutter_wkwebview (0.0.1):
    - Flutter

DEPENDENCIES:
  - amplify_analytics_pinpoint_ios (from `.symlinks/plugins/amplify_analytics_pinpoint_ios/ios`)
  - amplify_auth_cognito_ios (from `.symlinks/plugins/amplify_auth_cognito_ios/ios`)
  - amplify_core (from `.symlinks/plugins/amplify_core/ios`)
  - amplify_flutter_ios (from `.symlinks/plugins/amplify_flutter_ios/ios`)
  - camera (from `.symlinks/plugins/camera/ios`)
  - Flutter (from `Flutter`)
  - flutter_file_dialog (from `.symlinks/plugins/flutter_file_dialog/ios`)
  - flutter_inappwebview (from `.symlinks/plugins/flutter_inappwebview/ios`)
  - flutter_naver_map (from `.symlinks/plugins/flutter_naver_map/ios`)
  - fluttertoast (from `.symlinks/plugins/fluttertoast/ios`)
  - geocoding_ios (from `.symlinks/plugins/geocoding_ios/ios`)
  - geolocator_apple (from `.symlinks/plugins/geolocator_apple/ios`)
  - image_picker_ios (from `.symlinks/plugins/image_picker_ios/ios`)
  - kakao_flutter_sdk_common (from `.symlinks/plugins/kakao_flutter_sdk_common/ios`)
  - kakao_map_plugin (from `.symlinks/plugins/kakao_map_plugin/ios`)
  - package_info_plus (from `.symlinks/plugins/package_info_plus/ios`)
  - path_provider_foundation (from `.symlinks/plugins/path_provider_foundation/darwin`)
  - permission_handler (from `.symlinks/plugins/permission_handler/ios`)
  - qr_code_scanner (from `.symlinks/plugins/qr_code_scanner/ios`)
  - shared_preferences_foundation (from `.symlinks/plugins/shared_preferences_foundation/darwin`)
  - webview_flutter_wkwebview (from `.symlinks/plugins/webview_flutter_wkwebview/ios`)

SPEC REPOS:
  trunk:
    - Amplify
    - AmplifyPlugins
    - AWSAuthCore
    - AWSCognitoIdentityProvider
    - AWSCognitoIdentityProviderASF
    - AWSCore
    - AWSMobileClient
    - AWSPinpoint
    - AWSPluginsCore
    - MTBBarcodeScanner
    - NMapsGeometry
    - NMapsMap
    - ObjectMapper
    - OrderedSet
    - SwiftFormat
    - SwiftLint
    - Toast

EXTERNAL SOURCES:
  amplify_analytics_pinpoint_ios:
    :path: ".symlinks/plugins/amplify_analytics_pinpoint_ios/ios"
  amplify_auth_cognito_ios:
    :path: ".symlinks/plugins/amplify_auth_cognito_ios/ios"
  amplify_core:
    :path: ".symlinks/plugins/amplify_core/ios"
  amplify_flutter_ios:
    :path: ".symlinks/plugins/amplify_flutter_ios/ios"
  camera:
    :path: ".symlinks/plugins/camera/ios"
  Flutter:
    :path: Flutter
  flutter_file_dialog:
    :path: ".symlinks/plugins/flutter_file_dialog/ios"
  flutter_inappwebview:
    :path: ".symlinks/plugins/flutter_inappwebview/ios"
  flutter_naver_map:
    :path: ".symlinks/plugins/flutter_naver_map/ios"
  fluttertoast:
    :path: ".symlinks/plugins/fluttertoast/ios"
  geocoding_ios:
    :path: ".symlinks/plugins/geocoding_ios/ios"
  geolocator_apple:
    :path: ".symlinks/plugins/geolocator_apple/ios"
  image_picker_ios:
    :path: ".symlinks/plugins/image_picker_ios/ios"
  kakao_flutter_sdk_common:
    :path: ".symlinks/plugins/kakao_flutter_sdk_common/ios"
  kakao_map_plugin:
    :path: ".symlinks/plugins/kakao_map_plugin/ios"
  package_info_plus:
    :path: ".symlinks/plugins/package_info_plus/ios"
  path_provider_foundation:
    :path: ".symlinks/plugins/path_provider_foundation/darwin"
  permission_handler:
    :path: ".symlinks/plugins/permission_handler/ios"
  qr_code_scanner:
    :path: ".symlinks/plugins/qr_code_scanner/ios"
  shared_preferences_foundation:
    :path: ".symlinks/plugins/shared_preferences_foundation/darwin"
  webview_flutter_wkwebview:
    :path: ".symlinks/plugins/webview_flutter_wkwebview/ios"

SPEC CHECKSUMS:
  Amplify: 4e41668c8801667e174ab50c12bc3099c71a257f
  amplify_analytics_pinpoint_ios: 86f5f50cf8c1daa99ad51797ccf425bfeb9e506b
  amplify_auth_cognito_ios: 9541d4c811f978e22d4f4d6e3ed50b7c31ed9d35
  amplify_core: 0876b2fbbcec7619f5b58b20c59ecc0118f65a47
  amplify_flutter_ios: 4389fb31392bf559fead6ac2e3fd2f7ec8e44beb
  AmplifyPlugins: 1335f0919aa07329df58685a020f2311c75a5176
  AWSAuthCore: dfaed2a858cdb320c6c9c5c94c4de97bbaa76dad
  AWSCognitoIdentityProvider: 4cb2d157236eb5da17c8acc18e6c2e3b7b3a739e
  AWSCognitoIdentityProviderASF: af81ced9e3d1e14634e33abbd2343c2c9b5c8138
  AWSCore: 3c1a3dad47fcf9db8bebc633f296f10b690328c6
  AWSMobileClient: 9df04a49060cae075dbba851c8281e1f0c90d112
  AWSPinpoint: 2d6876a397a7b413bcebab139dd0b9c54a68bde9
  AWSPluginsCore: f2188458c27e6cb09597c67876f80611d14275d7
  camera: fe33292aff715a981eb34d7ce7b35b54337ff34c
  Flutter: e0871f40cf51350855a761d2e70bf5af5b9b5de7
  flutter_file_dialog: 4c014a45b105709a27391e266c277d7e588e9299
  flutter_inappwebview: 3d32228f1304635e7c028b0d4252937730bbc6cf
  flutter_naver_map: b18663bc83c2caaab484c58dccf239a87ebbed1b
  fluttertoast: 9f2f8e81bb5ce18facb9748d7855bf5a756fe3db
  geocoding_ios: a389ea40f6f548de6e63006a2e31bf66ff80769a
  geolocator_apple: b741765c55dc21950e3e106e8b3584e55cf81ce5
  image_picker_ios: c560581cceedb403a6ff17f2f816d7fea1421fc1
  kakao_flutter_sdk_common: ac22d95194585407db3fbc5f838d67ced11ea0f0
  kakao_map_plugin: 232bc2486ea3ffb5d44c49eac1bcc6dde1a7f0ee
  MTBBarcodeScanner: f453b33c4b7dfe545d8c6484ed744d55671788cb
  NMapsGeometry: 4e02554fa9880ef02ed96b075dc84355d6352479
  NMapsMap: a5b909a31b6f3d27a670f6eb2ddc913c38975474
  ObjectMapper: e6e4d91ff7f2861df7aecc536c92d8363f4c9677
  OrderedSet: aaeb196f7fef5a9edf55d89760da9176ad40b93c
  package_info_plus: 58f0028419748fad15bf008b270aaa8e54380b1c
  path_provider_foundation: 2b6b4c569c0fb62ec74538f866245ac84301af46
  permission_handler: ccb20a9fad0ee9b1314a52b70b76b473c5f8dab0
  qr_code_scanner: bb67d64904c3b9658ada8c402e8b4d406d5d796e
  shared_preferences_foundation: b4c3b4cddf1c21f02770737f147a3f5da9d39695
  SwiftFormat: 5967522a8e82d562b2508363d3ddec424fee1e9e
  SwiftLint: 284cea64b6187c5d6bd83e9a548a64104d546447
  Toast: 1f5ea13423a1e6674c4abdac5be53587ae481c4e
  webview_flutter_wkwebview: be0f0d33777f1bfd0c9fdcb594786704dbf65f36

PODFILE CHECKSUM: 075ddf6b19cdcced44581bd8fbdfb58404a78f8a

COCOAPODS: 1.15.2
